
Microsoft Visual Studio Solution File, Format Version 12.00
# Visual Studio Version 17
VisualStudioVersion = 17.0.32002.185
MinimumVisualStudioVersion = 10.0.40219.1
Project("{FAE04EC0-301F-11D3-BF4B-00C04F79EFBC}") = "FinalQA Project", "FinalQA Project\FinalQA Project.csproj", "{1031E2F9-8AE6-4CCC-AE97-5AF8F2C09D4F}"
EndProject
Project("{FAE04EC0-301F-11D3-BF4B-00C04F79EFBC}") = "FinalQA ProjectTests", "FinalQA ProjectTests\FinalQA ProjectTests.csproj", "{F52F822A-39C5-4124-B00D-9639D432780B}"
EndProject
Global
	GlobalSection(SolutionConfigurationPlatforms) = preSolution
		Debug|Any CPU = Debug|Any CPU
		Release|Any CPU = Release|Any CPU
	EndGlobalSection
	GlobalSection(ProjectConfigurationPlatforms) = postSolution
		{1031E2F9-8AE6-4CCC-AE97-5AF8F2C09D4F}.Debug|Any CPU.ActiveCfg = Debug|Any CPU
		{1031E2F9-8AE6-4CCC-AE97-5AF8F2C09D4F}.Debug|Any CPU.Build.0 = Debug|Any CPU
		{1031E2F9-8AE6-4CCC-AE97-5AF8F2C09D4F}.Release|Any CPU.ActiveCfg = Release|Any CPU
		{1031E2F9-8AE6-4CCC-AE97-5AF8F2C09D4F}.Release|Any CPU.Build.0 = Release|Any CPU
		{F52F822A-39C5-4124-B00D-9639D432780B}.Debug|Any CPU.ActiveCfg = Debug|Any CPU
		{F52F822A-39C5-4124-B00D-9639D432780B}.Debug|Any CPU.Build.0 = Debug|Any CPU
		{F52F822A-39C5-4124-B00D-9639D432780B}.Release|Any CPU.ActiveCfg = Release|Any CPU
		{F52F822A-39C5-4124-B00D-9639D432780B}.Release|Any CPU.Build.0 = Release|Any CPU
	EndGlobalSection
	GlobalSection(SolutionProperties) = preSolution
		HideSolutionNode = FALSE
	EndGlobalSection
	GlobalSection(ExtensibilityGlobals) = postSolution
		SolutionGuid = {9F751D9A-7BDE-4619-824E-3F73A1F4657D}
	EndGlobalSection
EndGlobal
